
Microsoft Visual Studio Solution File, Format Version 12.00
# Visual Studio 15
VisualStudioVersion = 15.0.28307.572
MinimumVisualStudioVersion = 10.0.40219.1
Project("{FAE04EC0-301F-11D3-BF4B-00C04F79EFBC}") = "DeviceApplication.Android", "DeviceApplication\DeviceApplication.Android\DeviceApplication.Android.csproj", "{36AB28FA-E8BF-4F4F-85C0-8FF0495DCAAC}"
EndProject
Project("{FAE04EC0-301F-11D3-BF4B-00C04F79EFBC}") = "DeviceApplication", "DeviceApplication\DeviceApplication\DeviceApplication.csproj", "{6257A114-872D-4B47-8124-B0F7C03206D9}"
EndProject
Global
	GlobalSection(SolutionConfigurationPlatforms) = preSolution
		Debug|Any CPU = Debug|Any CPU
		Release|Any CPU = Release|Any CPU
	EndGlobalSection
	GlobalSection(ProjectConfigurationPlatforms) = postSolution
		{36AB28FA-E8BF-4F4F-85C0-8FF0495DCAAC}.Debug|Any CPU.ActiveCfg = Debug|Any CPU
		{36AB28FA-E8BF-4F4F-85C0-8FF0495DCAAC}.Debug|Any CPU.Build.0 = Debug|Any CPU
		{36AB28FA-E8BF-4F4F-85C0-8FF0495DCAAC}.Debug|Any CPU.Deploy.0 = Debug|Any CPU
		{36AB28FA-E8BF-4F4F-85C0-8FF0495DCAAC}.Release|Any CPU.ActiveCfg = Release|Any CPU
		{36AB28FA-E8BF-4F4F-85C0-8FF0495DCAAC}.Release|Any CPU.Build.0 = Release|Any CPU
		{36AB28FA-E8BF-4F4F-85C0-8FF0495DCAAC}.Release|Any CPU.Deploy.0 = Release|Any CPU
		{6257A114-872D-4B47-8124-B0F7C03206D9}.Debug|Any CPU.ActiveCfg = Debug|Any CPU
		{6257A114-872D-4B47-8124-B0F7C03206D9}.Debug|Any CPU.Build.0 = Debug|Any CPU
		{6257A114-872D-4B47-8124-B0F7C03206D9}.Debug|Any CPU.Deploy.0 = Debug|Any CPU
		{6257A114-872D-4B47-8124-B0F7C03206D9}.Release|Any CPU.ActiveCfg = Release|Any CPU
		{6257A114-872D-4B47-8124-B0F7C03206D9}.Release|Any CPU.Build.0 = Release|Any CPU
		{6257A114-872D-4B47-8124-B0F7C03206D9}.Release|Any CPU.Deploy.0 = Release|Any CPU
	EndGlobalSection
	GlobalSection(SolutionProperties) = preSolution
		HideSolutionNode = FALSE
	EndGlobalSection
	GlobalSection(ExtensibilityGlobals) = postSolution
		SolutionGuid = {DB7F7E4A-78E9-4DC5-9896-81550153AD22}
	EndGlobalSection
EndGlobal
